{
    "_meta": {
        "hash": {
            "sha256": "6fed3cf039e8a637d0ee673d877be5ee7fdefec391470072c8febba3f3d9638a"
        },
        "pipfile-spec": 6,
        "requires": {
            "python_version": "3.8"
        },
        "sources": [
            {
                "name": "pypi",
                "url": "https://pypi.org/simple",
                "verify_ssl": true
            }
        ]
    },
    "default": {
        "mininet": {
            "hashes": [
                "sha256:2175d04efa37dd6df86d1ff80e1f55d0d388c0edd0c8f0fc467c52a72799a85b",
                "sha256:4d93983ab2709bf39764006d85b60b6ce1ee8897f8ebf1c3f848b7840f0632b8"
            ],
            "index": "pypi",
            "version": "==2.3.0.dev6"
        }
    },
    "develop": {}
}
